
Microsoft Visual Studio Solution File, Format Version 12.00
# Visual Studio Version 17
VisualStudioVersion = 17.14.37111.16 d17.14
MinimumVisualStudioVersion = 10.0.40219.1
Project("{FAE04EC0-301F-11D3-BF4B-00C04F79EFBC}") = "ContactApp", "ContactApp\ContactApp.csproj", "{6A1724C8-31BC-4E82-B417-B8D58FC682E1}"
EndProject
Global
	GlobalSection(SolutionConfigurationPlatforms) = preSolution
		Debug|Any CPU = Debug|Any CPU
		Release|Any CPU = Release|Any CPU
	EndGlobalSection
	GlobalSection(ProjectConfigurationPlatforms) = postSolution
		{6A1724C8-31BC-4E82-B417-B8D58FC682E1}.Debug|Any CPU.ActiveCfg = Debug|Any CPU
		{6A1724C8-31BC-4E82-B417-B8D58FC682E1}.Debug|Any CPU.Build.0 = Debug|Any CPU
		{6A1724C8-31BC-4E82-B417-B8D58FC682E1}.Release|Any CPU.ActiveCfg = Release|Any CPU
		{6A1724C8-31BC-4E82-B417-B8D58FC682E1}.Release|Any CPU.Build.0 = Release|Any CPU
	EndGlobalSection
	GlobalSection(SolutionProperties) = preSolution
		HideSolutionNode = FALSE
	EndGlobalSection
	GlobalSection(ExtensibilityGlobals) = postSolution
		SolutionGuid = {DF99CC36-3D36-46C0-AC64-0F9D9D1C6645}
	EndGlobalSection
EndGlobal
