
Microsoft Visual Studio Solution File, Format Version 12.00
# Visual Studio Version 17
VisualStudioVersion = 17.14.37111.16 d17.14
MinimumVisualStudioVersion = 10.0.40219.1
Project("{FAE04EC0-301F-11D3-BF4B-00C04F79EFBC}") = "C_Sharp_Code_Challenge_2", "C_Sharp_Code_Challenge_2\C_Sharp_Code_Challenge_2.csproj", "{DF1CF18F-6CC0-40E2-9967-43A186D427FC}"
EndProject
Global
	GlobalSection(SolutionConfigurationPlatforms) = preSolution
		Debug|Any CPU = Debug|Any CPU
		Release|Any CPU = Release|Any CPU
	EndGlobalSection
	GlobalSection(ProjectConfigurationPlatforms) = postSolution
		{DF1CF18F-6CC0-40E2-9967-43A186D427FC}.Debug|Any CPU.ActiveCfg = Debug|Any CPU
		{DF1CF18F-6CC0-40E2-9967-43A186D427FC}.Debug|Any CPU.Build.0 = Debug|Any CPU
		{DF1CF18F-6CC0-40E2-9967-43A186D427FC}.Release|Any CPU.ActiveCfg = Release|Any CPU
		{DF1CF18F-6CC0-40E2-9967-43A186D427FC}.Release|Any CPU.Build.0 = Release|Any CPU
	EndGlobalSection
	GlobalSection(SolutionProperties) = preSolution
		HideSolutionNode = FALSE
	EndGlobalSection
	GlobalSection(ExtensibilityGlobals) = postSolution
		SolutionGuid = {72AAC760-6D07-4707-AE5C-656B787112F7}
	EndGlobalSection
EndGlobal
