
Microsoft Visual Studio Solution File, Format Version 12.00
# Visual Studio Version 17
VisualStudioVersion = 17.14.37111.16 d17.14
MinimumVisualStudioVersion = 10.0.40219.1
Project("{FAE04EC0-301F-11D3-BF4B-00C04F79EFBC}") = "ASP_Assignment_1", "ASP_Assignment_1\ASP_Assignment_1.csproj", "{FEE9391A-F07D-41A1-9413-F7F8A674A064}"
EndProject
Global
	GlobalSection(SolutionConfigurationPlatforms) = preSolution
		Debug|Any CPU = Debug|Any CPU
		Release|Any CPU = Release|Any CPU
	EndGlobalSection
	GlobalSection(ProjectConfigurationPlatforms) = postSolution
		{FEE9391A-F07D-41A1-9413-F7F8A674A064}.Debug|Any CPU.ActiveCfg = Debug|Any CPU
		{FEE9391A-F07D-41A1-9413-F7F8A674A064}.Debug|Any CPU.Build.0 = Debug|Any CPU
		{FEE9391A-F07D-41A1-9413-F7F8A674A064}.Release|Any CPU.ActiveCfg = Release|Any CPU
		{FEE9391A-F07D-41A1-9413-F7F8A674A064}.Release|Any CPU.Build.0 = Release|Any CPU
	EndGlobalSection
	GlobalSection(SolutionProperties) = preSolution
		HideSolutionNode = FALSE
	EndGlobalSection
	GlobalSection(ExtensibilityGlobals) = postSolution
		SolutionGuid = {9DFC4F2A-CDDD-4ADE-97E5-E2AD22CA16F7}
	EndGlobalSection
EndGlobal
