
Microsoft Visual Studio Solution File, Format Version 12.00
# Visual Studio Version 17
VisualStudioVersion = 17.14.37111.16 d17.14
MinimumVisualStudioVersion = 10.0.40219.1
Project("{FAE04EC0-301F-11D3-BF4B-00C04F79EFBC}") = "Web_Technologies_Challenge_1", "Web_Technologies_Challenge_1\Web_Technologies_Challenge_1.csproj", "{3404B3B6-0807-47E4-8230-652755606D60}"
EndProject
Global
	GlobalSection(SolutionConfigurationPlatforms) = preSolution
		Debug|Any CPU = Debug|Any CPU
		Release|Any CPU = Release|Any CPU
	EndGlobalSection
	GlobalSection(ProjectConfigurationPlatforms) = postSolution
		{3404B3B6-0807-47E4-8230-652755606D60}.Debug|Any CPU.ActiveCfg = Debug|Any CPU
		{3404B3B6-0807-47E4-8230-652755606D60}.Debug|Any CPU.Build.0 = Debug|Any CPU
		{3404B3B6-0807-47E4-8230-652755606D60}.Release|Any CPU.ActiveCfg = Release|Any CPU
		{3404B3B6-0807-47E4-8230-652755606D60}.Release|Any CPU.Build.0 = Release|Any CPU
	EndGlobalSection
	GlobalSection(SolutionProperties) = preSolution
		HideSolutionNode = FALSE
	EndGlobalSection
	GlobalSection(ExtensibilityGlobals) = postSolution
		SolutionGuid = {3C174E25-E37F-4A75-A853-A022962C7045}
	EndGlobalSection
EndGlobal
